
Microsoft Visual Studio Solution File, Format Version 12.00
# Visual Studio Version 16
VisualStudioVersion = 16.0.31605.320
MinimumVisualStudioVersion = 10.0.40219.1
Project("{9A19103F-16F7-4668-BE54-9A1E7A4F7556}") = "EAD_CORE_V1", "EAD_CORE_V1\EAD_CORE_V1.csproj", "{4E4310B6-1988-4E80-A06C-1E8A8ECA6585}"
EndProject
Project("{2150E333-8FDC-42A3-9474-1A3956D46DE8}") = "01- Apps", "01- Apps", "{46439554-614A-43DE-95B4-067AA402A484}"
EndProject
Project("{2150E333-8FDC-42A3-9474-1A3956D46DE8}") = "04 - Common", "04 - Common", "{35BC069E-499D-4296-9AFA-065704FC25F4}"
EndProject
Project("{9A19103F-16F7-4668-BE54-9A1E7A4F7556}") = "AuthContext", "AuthContext\AuthContext.csproj", "{30EF8C38-D2ED-45B7-AA3A-3CE86497C39B}"
EndProject
Project("{9A19103F-16F7-4668-BE54-9A1E7A4F7556}") = "EAD_CORE.Common", "Common\EAD_CORE.Common.csproj", "{645E8EF9-2974-49DC-93A6-95A153197F34}"
EndProject
Project("{2150E333-8FDC-42A3-9474-1A3956D46DE8}") = "02 - Domain", "02 - Domain", "{59C34873-7A1A-4FA0-BEDD-E1EAB84D7EBD}"
EndProject
Project("{2150E333-8FDC-42A3-9474-1A3956D46DE8}") = "03 - Infra", "03 - Infra", "{823637EF-5A84-4D05-8BDF-B084412194DA}"
EndProject
Project("{FAE04EC0-301F-11D3-BF4B-00C04F79EFBC}") = "EAD_CORE.Domain", "EAD_CORE.Domain\EAD_CORE.Domain.csproj", "{8A4C9AEE-BABD-45B7-93DE-FAABBFAD7FB6}"
EndProject
Project("{FAE04EC0-301F-11D3-BF4B-00C04F79EFBC}") = "EAD_CORE.Infra", "EAD_CORE.Infra\EAD_CORE.Infra.csproj", "{65F2E564-4173-43D6-925B-65535E4F8A97}"
EndProject
Global
	GlobalSection(SolutionConfigurationPlatforms) = preSolution
		Debug|Any CPU = Debug|Any CPU
		Release|Any CPU = Release|Any CPU
	EndGlobalSection
	GlobalSection(ProjectConfigurationPlatforms) = postSolution
		{4E4310B6-1988-4E80-A06C-1E8A8ECA6585}.Debug|Any CPU.ActiveCfg = Debug|Any CPU
		{4E4310B6-1988-4E80-A06C-1E8A8ECA6585}.Debug|Any CPU.Build.0 = Debug|Any CPU
		{4E4310B6-1988-4E80-A06C-1E8A8ECA6585}.Release|Any CPU.ActiveCfg = Release|Any CPU
		{4E4310B6-1988-4E80-A06C-1E8A8ECA6585}.Release|Any CPU.Build.0 = Release|Any CPU
		{30EF8C38-D2ED-45B7-AA3A-3CE86497C39B}.Debug|Any CPU.ActiveCfg = Debug|Any CPU
		{30EF8C38-D2ED-45B7-AA3A-3CE86497C39B}.Debug|Any CPU.Build.0 = Debug|Any CPU
		{30EF8C38-D2ED-45B7-AA3A-3CE86497C39B}.Release|Any CPU.ActiveCfg = Release|Any CPU
		{30EF8C38-D2ED-45B7-AA3A-3CE86497C39B}.Release|Any CPU.Build.0 = Release|Any CPU
		{645E8EF9-2974-49DC-93A6-95A153197F34}.Debug|Any CPU.ActiveCfg = Debug|Any CPU
		{645E8EF9-2974-49DC-93A6-95A153197F34}.Debug|Any CPU.Build.0 = Debug|Any CPU
		{645E8EF9-2974-49DC-93A6-95A153197F34}.Release|Any CPU.ActiveCfg = Release|Any CPU
		{645E8EF9-2974-49DC-93A6-95A153197F34}.Release|Any CPU.Build.0 = Release|Any CPU
		{8A4C9AEE-BABD-45B7-93DE-FAABBFAD7FB6}.Debug|Any CPU.ActiveCfg = Debug|Any CPU
		{8A4C9AEE-BABD-45B7-93DE-FAABBFAD7FB6}.Debug|Any CPU.Build.0 = Debug|Any CPU
		{8A4C9AEE-BABD-45B7-93DE-FAABBFAD7FB6}.Release|Any CPU.ActiveCfg = Release|Any CPU
		{8A4C9AEE-BABD-45B7-93DE-FAABBFAD7FB6}.Release|Any CPU.Build.0 = Release|Any CPU
		{65F2E564-4173-43D6-925B-65535E4F8A97}.Debug|Any CPU.ActiveCfg = Debug|Any CPU
		{65F2E564-4173-43D6-925B-65535E4F8A97}.Debug|Any CPU.Build.0 = Debug|Any CPU
		{65F2E564-4173-43D6-925B-65535E4F8A97}.Release|Any CPU.ActiveCfg = Release|Any CPU
		{65F2E564-4173-43D6-925B-65535E4F8A97}.Release|Any CPU.Build.0 = Release|Any CPU
	EndGlobalSection
	GlobalSection(SolutionProperties) = preSolution
		HideSolutionNode = FALSE
	EndGlobalSection
	GlobalSection(NestedProjects) = preSolution
		{4E4310B6-1988-4E80-A06C-1E8A8ECA6585} = {46439554-614A-43DE-95B4-067AA402A484}
		{30EF8C38-D2ED-45B7-AA3A-3CE86497C39B} = {35BC069E-499D-4296-9AFA-065704FC25F4}
		{645E8EF9-2974-49DC-93A6-95A153197F34} = {35BC069E-499D-4296-9AFA-065704FC25F4}
		{8A4C9AEE-BABD-45B7-93DE-FAABBFAD7FB6} = {59C34873-7A1A-4FA0-BEDD-E1EAB84D7EBD}
		{65F2E564-4173-43D6-925B-65535E4F8A97} = {823637EF-5A84-4D05-8BDF-B084412194DA}
	EndGlobalSection
	GlobalSection(ExtensibilityGlobals) = postSolution
		SolutionGuid = {F5E4E6E2-0EC9-48ED-85DA-90B6C9B9BF0A}
	EndGlobalSection
EndGlobal
